
Microsoft Visual Studio Solution File, Format Version 12.00
# Visual Studio Version 17
VisualStudioVersion = 17.8.34316.72
MinimumVisualStudioVersion = 10.0.40219.1
Project("{FAE04EC0-301F-11D3-BF4B-00C04F79EFBC}") = "NpUdpChatApp", "NpUdpChatApp\NpUdpChatApp.csproj", "{3223F926-5A55-427F-B4A0-7A5871C82B20}"
EndProject
Global
	GlobalSection(SolutionConfigurationPlatforms) = preSolution
		Debug|Any CPU = Debug|Any CPU
		Release|Any CPU = Release|Any CPU
	EndGlobalSection
	GlobalSection(ProjectConfigurationPlatforms) = postSolution
		{3223F926-5A55-427F-B4A0-7A5871C82B20}.Debug|Any CPU.ActiveCfg = Debug|Any CPU
		{3223F926-5A55-427F-B4A0-7A5871C82B20}.Debug|Any CPU.Build.0 = Debug|Any CPU
		{3223F926-5A55-427F-B4A0-7A5871C82B20}.Release|Any CPU.ActiveCfg = Release|Any CPU
		{3223F926-5A55-427F-B4A0-7A5871C82B20}.Release|Any CPU.Build.0 = Release|Any CPU
	EndGlobalSection
	GlobalSection(SolutionProperties) = preSolution
		HideSolutionNode = FALSE
	EndGlobalSection
	GlobalSection(ExtensibilityGlobals) = postSolution
		SolutionGuid = {ADBEA343-B27A-431E-BE90-E797B6AFE878}
	EndGlobalSection
EndGlobal
